{
  "name": "foundryproject",
  "version": "1.0.0",
  "lockfileVersion": 3,
  "requires": true,
  "packages": {
    "": {
      "name": "foundryproject",
      "version": "1.0.0",
      "license": "ISC",
      "dependencies": {
        "@openzeppelin/contracts": "^5.0.1",
        "ds-test": "github:dapphub/ds-test",
        "forge-std": "github:foundry-rs/forge-std"
      }
    },
    "node_modules/@openzeppelin/contracts": {
      "version": "5.0.1",
      "resolved": "https://registry.npmjs.org/@openzeppelin/contracts/-/contracts-5.0.1.tgz",
      "integrity": "sha512-yQJaT5HDp9hYOOp4jTYxMsR02gdFZFXhewX5HW9Jo4fsqSVqqyIO/xTHdWDaKX5a3pv1txmf076Lziz+sO7L1w=="
    },
    "node_modules/ds-test": {
      "version": "1.0.0",
      "resolved": "git+ssh://git@github.com/dapphub/ds-test.git#e282159d5170298eb2455a6c05280ab5a73a4ef0",
      "license": "GPL-3.0"
    },
    "node_modules/forge-std": {
      "version": "1.7.4",
      "resolved": "git+ssh://git@github.com/foundry-rs/forge-std.git#87a2a0afc5fafd6297538a45a52ac19e71a84562",
      "license": "(Apache-2.0 OR MIT)"
    }
  }
}
